
Microsoft Visual Studio Solution File, Format Version 12.00
# Visual Studio Version 17
VisualStudioVersion = 17.9.34723.18
MinimumVisualStudioVersion = 10.0.40219.1
Project("{FAE04EC0-301F-11D3-BF4B-00C04F79EFBC}") = "WpfApp2", "WpfApp2\WpfApp2.csproj", "{95EBDACB-A14E-4946-8570-1D2159F589D9}"
EndProject
Global
	GlobalSection(SolutionConfigurationPlatforms) = preSolution
		Debug|Any CPU = Debug|Any CPU
		Release|Any CPU = Release|Any CPU
	EndGlobalSection
	GlobalSection(ProjectConfigurationPlatforms) = postSolution
		{95EBDACB-A14E-4946-8570-1D2159F589D9}.Debug|Any CPU.ActiveCfg = Debug|Any CPU
		{95EBDACB-A14E-4946-8570-1D2159F589D9}.Debug|Any CPU.Build.0 = Debug|Any CPU
		{95EBDACB-A14E-4946-8570-1D2159F589D9}.Release|Any CPU.ActiveCfg = Release|Any CPU
		{95EBDACB-A14E-4946-8570-1D2159F589D9}.Release|Any CPU.Build.0 = Release|Any CPU
	EndGlobalSection
	GlobalSection(SolutionProperties) = preSolution
		HideSolutionNode = FALSE
	EndGlobalSection
	GlobalSection(ExtensibilityGlobals) = postSolution
		SolutionGuid = {7166C09D-99B7-4B7C-974C-0752B1360465}
	EndGlobalSection
EndGlobal
